
Microsoft Visual Studio Solution File, Format Version 12.00
Project("{FAE04EC0-301F-11D3-BF4B-00C04F79EFBC}") = "GeneratePlaneMesh", "GeneratePlaneMesh\GeneratePlaneMesh.csproj", "{F7BCA5E2-04FB-47A5-8910-BD12C499E161}"
EndProject
Global
	GlobalSection(SolutionConfigurationPlatforms) = preSolution
		Debug|Any CPU = Debug|Any CPU
		Release|Any CPU = Release|Any CPU
	EndGlobalSection
	GlobalSection(ProjectConfigurationPlatforms) = postSolution
		{F7BCA5E2-04FB-47A5-8910-BD12C499E161}.Debug|Any CPU.ActiveCfg = Debug|Any CPU
		{F7BCA5E2-04FB-47A5-8910-BD12C499E161}.Debug|Any CPU.Build.0 = Debug|Any CPU
		{F7BCA5E2-04FB-47A5-8910-BD12C499E161}.Release|Any CPU.ActiveCfg = Release|Any CPU
		{F7BCA5E2-04FB-47A5-8910-BD12C499E161}.Release|Any CPU.Build.0 = Release|Any CPU
	EndGlobalSection
EndGlobal
